dependencies:
- name: app-template
  repository: https://bjw-s-labs.github.io/helm-charts
  version: 4.6.2
- name: onepassworditem
  repository: https://expectedbehaviors.github.io/OnePasswordItem-helm
  version: 1.1.1
- name: postgresql
  repository: https://charts.bitnami.com/bitnami
  version: 16.2.1
digest: sha256:aab7d851065c0741f92b7194cd7dad0c6ca6ef8dddc1973a919c49e696772cd0
generated: "2026-03-02T20:09:11.9636073-08:00"
